
Microsoft Visual Studio Solution File, Format Version 12.00
# Visual Studio Version 16
VisualStudioVersion = 16.0.31424.327
MinimumVisualStudioVersion = 10.0.40219.1
Project("{FAE04EC0-301F-11D3-BF4B-00C04F79EFBC}") = "SystemFile", "SystemFile\SystemFile.csproj", "{845BAD04-A4AC-4EDC-AE58-0B5D20B31FF4}"
EndProject
Project("{FAE04EC0-301F-11D3-BF4B-00C04F79EFBC}") = "Person", "Person\Person.csproj", "{AD855F8A-FE38-4C02-9F61-738A6F3379A4}"
EndProject
Project("{FAE04EC0-301F-11D3-BF4B-00C04F79EFBC}") = "Serialization", "Serialization\Serialization.csproj", "{6E8A954B-B580-42A0-9284-510C51174F11}"
EndProject
Project("{FAE04EC0-301F-11D3-BF4B-00C04F79EFBC}") = "Car", "Car\Car.csproj", "{DBF2D2EA-8A15-4F07-A876-D5D7F01A7098}"
EndProject
Project("{9A19103F-16F7-4668-BE54-9A1E7A4F7556}") = "Parser_XML", "Parse_XML\Parser_XML.csproj", "{F7C0831B-67BB-40FD-904C-6C85039B6BD9}"
EndProject
Project("{9A19103F-16F7-4668-BE54-9A1E7A4F7556}") = "XML", "XML\XML.csproj", "{3B56D518-E3FC-4BD5-8C48-E41E8A7D5FF7}"
EndProject
Project("{FAE04EC0-301F-11D3-BF4B-00C04F79EFBC}") = "Pattern", "Pattern\Pattern.csproj", "{94BA9817-1958-4EEB-9A41-32B0E97D5C45}"
EndProject
Global
	GlobalSection(SolutionConfigurationPlatforms) = preSolution
		Debug|Any CPU = Debug|Any CPU
		Debug1|Any CPU = Debug1|Any CPU
		Release|Any CPU = Release|Any CPU
	EndGlobalSection
	GlobalSection(ProjectConfigurationPlatforms) = postSolution
		{845BAD04-A4AC-4EDC-AE58-0B5D20B31FF4}.Debug|Any CPU.ActiveCfg = Debug|Any CPU
		{845BAD04-A4AC-4EDC-AE58-0B5D20B31FF4}.Debug|Any CPU.Build.0 = Debug|Any CPU
		{845BAD04-A4AC-4EDC-AE58-0B5D20B31FF4}.Debug1|Any CPU.ActiveCfg = Debug|Any CPU
		{845BAD04-A4AC-4EDC-AE58-0B5D20B31FF4}.Debug1|Any CPU.Build.0 = Debug|Any CPU
		{845BAD04-A4AC-4EDC-AE58-0B5D20B31FF4}.Release|Any CPU.ActiveCfg = Release|Any CPU
		{845BAD04-A4AC-4EDC-AE58-0B5D20B31FF4}.Release|Any CPU.Build.0 = Release|Any CPU
		{AD855F8A-FE38-4C02-9F61-738A6F3379A4}.Debug|Any CPU.ActiveCfg = Debug|Any CPU
		{AD855F8A-FE38-4C02-9F61-738A6F3379A4}.Debug|Any CPU.Build.0 = Debug|Any CPU
		{AD855F8A-FE38-4C02-9F61-738A6F3379A4}.Debug1|Any CPU.ActiveCfg = Debug|Any CPU
		{AD855F8A-FE38-4C02-9F61-738A6F3379A4}.Debug1|Any CPU.Build.0 = Debug|Any CPU
		{AD855F8A-FE38-4C02-9F61-738A6F3379A4}.Release|Any CPU.ActiveCfg = Release|Any CPU
		{AD855F8A-FE38-4C02-9F61-738A6F3379A4}.Release|Any CPU.Build.0 = Release|Any CPU
		{6E8A954B-B580-42A0-9284-510C51174F11}.Debug|Any CPU.ActiveCfg = Debug|Any CPU
		{6E8A954B-B580-42A0-9284-510C51174F11}.Debug|Any CPU.Build.0 = Debug|Any CPU
		{6E8A954B-B580-42A0-9284-510C51174F11}.Debug1|Any CPU.ActiveCfg = Debug|Any CPU
		{6E8A954B-B580-42A0-9284-510C51174F11}.Debug1|Any CPU.Build.0 = Debug|Any CPU
		{6E8A954B-B580-42A0-9284-510C51174F11}.Release|Any CPU.ActiveCfg = Release|Any CPU
		{6E8A954B-B580-42A0-9284-510C51174F11}.Release|Any CPU.Build.0 = Release|Any CPU
		{DBF2D2EA-8A15-4F07-A876-D5D7F01A7098}.Debug|Any CPU.ActiveCfg = Debug|Any CPU
		{DBF2D2EA-8A15-4F07-A876-D5D7F01A7098}.Debug|Any CPU.Build.0 = Debug|Any CPU
		{DBF2D2EA-8A15-4F07-A876-D5D7F01A7098}.Debug1|Any CPU.ActiveCfg = Debug|Any CPU
		{DBF2D2EA-8A15-4F07-A876-D5D7F01A7098}.Debug1|Any CPU.Build.0 = Debug|Any CPU
		{DBF2D2EA-8A15-4F07-A876-D5D7F01A7098}.Release|Any CPU.ActiveCfg = Release|Any CPU
		{DBF2D2EA-8A15-4F07-A876-D5D7F01A7098}.Release|Any CPU.Build.0 = Release|Any CPU
		{F7C0831B-67BB-40FD-904C-6C85039B6BD9}.Debug|Any CPU.ActiveCfg = Debug|Any CPU
		{F7C0831B-67BB-40FD-904C-6C85039B6BD9}.Debug|Any CPU.Build.0 = Debug|Any CPU
		{F7C0831B-67BB-40FD-904C-6C85039B6BD9}.Debug1|Any CPU.ActiveCfg = Debug|Any CPU
		{F7C0831B-67BB-40FD-904C-6C85039B6BD9}.Debug1|Any CPU.Build.0 = Debug|Any CPU
		{F7C0831B-67BB-40FD-904C-6C85039B6BD9}.Release|Any CPU.ActiveCfg = Release|Any CPU
		{F7C0831B-67BB-40FD-904C-6C85039B6BD9}.Release|Any CPU.Build.0 = Release|Any CPU
		{3B56D518-E3FC-4BD5-8C48-E41E8A7D5FF7}.Debug|Any CPU.ActiveCfg = Debug|Any CPU
		{3B56D518-E3FC-4BD5-8C48-E41E8A7D5FF7}.Debug|Any CPU.Build.0 = Debug|Any CPU
		{3B56D518-E3FC-4BD5-8C48-E41E8A7D5FF7}.Debug1|Any CPU.ActiveCfg = Debug|Any CPU
		{3B56D518-E3FC-4BD5-8C48-E41E8A7D5FF7}.Debug1|Any CPU.Build.0 = Debug|Any CPU
		{3B56D518-E3FC-4BD5-8C48-E41E8A7D5FF7}.Release|Any CPU.ActiveCfg = Release|Any CPU
		{3B56D518-E3FC-4BD5-8C48-E41E8A7D5FF7}.Release|Any CPU.Build.0 = Release|Any CPU
		{94BA9817-1958-4EEB-9A41-32B0E97D5C45}.Debug|Any CPU.ActiveCfg = Debug|Any CPU
		{94BA9817-1958-4EEB-9A41-32B0E97D5C45}.Debug|Any CPU.Build.0 = Debug|Any CPU
		{94BA9817-1958-4EEB-9A41-32B0E97D5C45}.Debug1|Any CPU.ActiveCfg = Debug1|Any CPU
		{94BA9817-1958-4EEB-9A41-32B0E97D5C45}.Debug1|Any CPU.Build.0 = Debug1|Any CPU
		{94BA9817-1958-4EEB-9A41-32B0E97D5C45}.Release|Any CPU.ActiveCfg = Release|Any CPU
		{94BA9817-1958-4EEB-9A41-32B0E97D5C45}.Release|Any CPU.Build.0 = Release|Any CPU
	EndGlobalSection
	GlobalSection(SolutionProperties) = preSolution
		HideSolutionNode = FALSE
	EndGlobalSection
	GlobalSection(ExtensibilityGlobals) = postSolution
		SolutionGuid = {95301D99-F27B-4295-8159-3835C99AE2DE}
	EndGlobalSection
EndGlobal
